
Microsoft Visual Studio Solution File, Format Version 12.00
# Visual Studio Version 17
VisualStudioVersion = 17.1.32319.34
MinimumVisualStudioVersion = 10.0.40219.1
Project("{FAE04EC0-301F-11D3-BF4B-00C04F79EFBC}") = "EmployeesAPI", "EmployeesAPI\EmployeesAPI.csproj", "{CF7CEC94-468D-4E51-8948-BB9828CE352B}"
EndProject
Project("{FAE04EC0-301F-11D3-BF4B-00C04F79EFBC}") = "EmployeesAPI.Data", "EmployeesAPI.Data\EmployeesAPI.Data.csproj", "{8D9A7B9D-C351-42A8-9B7F-94DBB815A044}"
EndProject
Project("{FAE04EC0-301F-11D3-BF4B-00C04F79EFBC}") = "EmployeesAPI.Domain", "EmployeesAPI.Domain\EmployeesAPI.Domain.csproj", "{CCC86C6F-5DAE-4701-932E-0F9B68AAFB55}"
EndProject
Global
	GlobalSection(SolutionConfigurationPlatforms) = preSolution
		Debug|Any CPU = Debug|Any CPU
		Release|Any CPU = Release|Any CPU
	EndGlobalSection
	GlobalSection(ProjectConfigurationPlatforms) = postSolution
		{CF7CEC94-468D-4E51-8948-BB9828CE352B}.Debug|Any CPU.ActiveCfg = Debug|Any CPU
		{CF7CEC94-468D-4E51-8948-BB9828CE352B}.Debug|Any CPU.Build.0 = Debug|Any CPU
		{CF7CEC94-468D-4E51-8948-BB9828CE352B}.Release|Any CPU.ActiveCfg = Release|Any CPU
		{CF7CEC94-468D-4E51-8948-BB9828CE352B}.Release|Any CPU.Build.0 = Release|Any CPU
		{8D9A7B9D-C351-42A8-9B7F-94DBB815A044}.Debug|Any CPU.ActiveCfg = Debug|Any CPU
		{8D9A7B9D-C351-42A8-9B7F-94DBB815A044}.Debug|Any CPU.Build.0 = Debug|Any CPU
		{8D9A7B9D-C351-42A8-9B7F-94DBB815A044}.Release|Any CPU.ActiveCfg = Release|Any CPU
		{8D9A7B9D-C351-42A8-9B7F-94DBB815A044}.Release|Any CPU.Build.0 = Release|Any CPU
		{CCC86C6F-5DAE-4701-932E-0F9B68AAFB55}.Debug|Any CPU.ActiveCfg = Debug|Any CPU
		{CCC86C6F-5DAE-4701-932E-0F9B68AAFB55}.Debug|Any CPU.Build.0 = Debug|Any CPU
		{CCC86C6F-5DAE-4701-932E-0F9B68AAFB55}.Release|Any CPU.ActiveCfg = Release|Any CPU
		{CCC86C6F-5DAE-4701-932E-0F9B68AAFB55}.Release|Any CPU.Build.0 = Release|Any CPU
	EndGlobalSection
	GlobalSection(SolutionProperties) = preSolution
		HideSolutionNode = FALSE
	EndGlobalSection
	GlobalSection(ExtensibilityGlobals) = postSolution
		SolutionGuid = {2303AEF3-8F01-4E95-9F10-B708810F607F}
	EndGlobalSection
EndGlobal
